
Microsoft Visual Studio Solution File, Format Version 12.00
# Visual Studio Version 17
VisualStudioVersion = 17.4.33122.133
MinimumVisualStudioVersion = 10.0.40219.1
Project("{FAE04EC0-301F-11D3-BF4B-00C04F79EFBC}") = "FinalProjectGaming", "FinalProjectGaming.csproj", "{BE291705-24E5-467C-A498-1AC5D6E7BCD3}"
EndProject
Global
	GlobalSection(SolutionConfigurationPlatforms) = preSolution
		Debug|Any CPU = Debug|Any CPU
		Release|Any CPU = Release|Any CPU
	EndGlobalSection
	GlobalSection(ProjectConfigurationPlatforms) = postSolution
		{BE291705-24E5-467C-A498-1AC5D6E7BCD3}.Debug|Any CPU.ActiveCfg = Debug|Any CPU
		{BE291705-24E5-467C-A498-1AC5D6E7BCD3}.Debug|Any CPU.Build.0 = Debug|Any CPU
		{BE291705-24E5-467C-A498-1AC5D6E7BCD3}.Release|Any CPU.ActiveCfg = Release|Any CPU
		{BE291705-24E5-467C-A498-1AC5D6E7BCD3}.Release|Any CPU.Build.0 = Release|Any CPU
	EndGlobalSection
	GlobalSection(SolutionProperties) = preSolution
		HideSolutionNode = FALSE
	EndGlobalSection
	GlobalSection(ExtensibilityGlobals) = postSolution
		SolutionGuid = {E5273911-15FB-496C-9EAD-09C0E3EEAB0F}
	EndGlobalSection
EndGlobal
